// !$*UTF8*$!
{
	archiveVersion = 1;
	classes = {
	};
	objectVersion = 46;
	objects = {

/* Begin PBXBuildFile section */
		E50E24931B1129F000A0EAF8 /* ButtonBgFb.png in Resources */ = {isa = PBXBuildFile; fileRef = E50E24921B1129F000A0EAF8 /* ButtonBgFb.png */; };
		E51001D81B13F9EE00ADCDDE /* SystemConfiguration.framework in Frameworks */ = {isa = PBXBuildFile; fileRef = E51001D71B13F9EE00ADCDDE /* SystemConfiguration.framework */; };
		E51001DE1B13FC4600ADCDDE /* Reachability.m in Sources */ = {isa = PBXBuildFile; fileRef = E51001DD1B13FC4600ADCDDE /* Reachability.m */; };
		E5162AEF1B13E25F00DAB45D /* refresh.png in Resources */ = {isa = PBXBuildFile; fileRef = E5162AEE1B13E25F00DAB45D /* refresh.png */; };
		E519B21A1B121B3A00C5AA7B /* title.png in Resources */ = {isa = PBXBuildFile; fileRef = E519B2191B121B3A00C5AA7B /* title.png */; };
		E55CBFA81B128DB300F0B6D1 /* TitleImage.png in Resources */ = {isa = PBXBuildFile; fileRef = E55CBFA71B128DB300F0B6D1 /* TitleImage.png */; };
		E5C197BB1B12DD1100000BA0 /* ToastView.m in Sources */ = {isa = PBXBuildFile; fileRef = E5C197BA1B12DD1100000BA0 /* ToastView.m */; };
		E5CBBF7A1B0ED4A60031774F /* ButtonBg.png in Resources */ = {isa = PBXBuildFile; fileRef = E5CBBF791B0ED4A60031774F /* ButtonBg.png */; };
		E5EE91A01AFFC0C400DCD4A5 /* main.m in Sources */ = {isa = PBXBuildFile; fileRef = E5EE919F1AFFC0C400DCD4A5 /* main.m */; };
		E5EE91A31AFFC0C400DCD4A5 /* AppDelegate.m in Sources */ = {isa = PBXBuildFile; fileRef = E5EE91A21AFFC0C400DCD4A5 /* AppDelegate.m */; };
		E5EE91A61AFFC0C400DCD4A5 /* ViewController.m in Sources */ = {isa = PBXBuildFile; fileRef = E5EE91A51AFFC0C400DCD4A5 /* ViewController.m */; };
		E5EE91A91AFFC0C500DCD4A5 /* Main.storyboard in Resources */ = {isa = PBXBuildFile; fileRef = E5EE91A71AFFC0C500DCD4A5 /* Main.storyboard */; };
		E5EE91AB1AFFC0C500DCD4A5 /* Images.xcassets in Resources */ = {isa = PBXBuildFile; fileRef = E5EE91AA1AFFC0C500DCD4A5 /* Images.xcassets */; };
		E5EE91AE1AFFC0C500DCD4A5 /* LaunchScreen.xib in Resources */ = {isa = PBXBuildFile; fileRef = E5EE91AC1AFFC0C500DCD4A5 /* LaunchScreen.xib */; };
		E5EE91BA1AFFC0C500DCD4A5 /* Paste_DumpTests.m in Sources */ = {isa = PBXBuildFile; fileRef = E5EE91B91AFFC0C500DCD4A5 /* Paste_DumpTests.m */; };
		E5EE91C41AFFC46500DCD4A5 /* FBSDKCoreKit.framework in Frameworks */ = {isa = PBXBuildFile; fileRef = E5EE91C31AFFC46500DCD4A5 /* FBSDKCoreKit.framework */; };
		E5EE91CA1AFFC4A900DCD4A5 /* Bolts.framework in Frameworks */ = {isa = PBXBuildFile; fileRef = E5EE91C51AFFC4A900DCD4A5 /* Bolts.framework */; };
		E5EE91CB1AFFC4A900DCD4A5 /* FBAudienceNetwork.framework in Frameworks */ = {isa = PBXBuildFile; fileRef = E5EE91C61AFFC4A900DCD4A5 /* FBAudienceNetwork.framework */; };
		E5EE91CC1AFFC4A900DCD4A5 /* FBSDKLoginKit.framework in Frameworks */ = {isa = PBXBuildFile; fileRef = E5EE91C71AFFC4A900DCD4A5 /* FBSDKLoginKit.framework */; };
		E5EE91CD1AFFC4A900DCD4A5 /* FBSDKMessengerShareKit.framework in Frameworks */ = {isa = PBXBuildFile; fileRef = E5EE91C81AFFC4A900DCD4A5 /* FBSDKMessengerShareKit.framework */; };
		E5EE91CE1AFFC4A900DCD4A5 /* FBSDKShareKit.framework in Frameworks */ = {isa = PBXBuildFile; fileRef = E5EE91C91AFFC4A900DCD4A5 /* FBSDKShareKit.framework */; };
		E5F9447C1B13F5A3008207C7 /* Launch.storyboard in Resources */ = {isa = PBXBuildFile; fileRef = E5F9447B1B13F5A3008207C7 /* Launch.storyboard */; };
/* End PBXBuildFile section */

/* Begin PBXContainerItemProxy section */
		E5EE91B41AFFC0C500DCD4A5 /* PBXContainerItemProxy */ = {
			isa = PBXContainerItemProxy;
			containerPortal = E5EE91921AFFC0C400DCD4A5 /* Project object */;
			proxyType = 1;
			remoteGlobalIDString = E5EE91991AFFC0C400DCD4A5;
			remoteInfo = "Paste Dump";
		};
/* End PBXContainerItemProxy section */

/* Begin PBXFileReference section */
		E50972F41B13541200F2D895 /* Paste Dump-Bridging-Header.h */ = {isa = PBXFileReference; lastKnownFileType = sourcecode.c.h; path = "Paste Dump-Bridging-Header.h"; sourceTree = "<group>"; };
		E50E24921B1129F000A0EAF8 /* ButtonBgFb.png */ = {isa = PBXFileReference; lastKnownFileType = image.png; path = ButtonBgFb.png; sourceTree = SOURCE_ROOT; };
		E51001D71B13F9EE00ADCDDE /* SystemConfiguration.framework */ = {isa = PBXFileReference; lastKnownFileType = wrapper.framework; name = SystemConfiguration.framework; path = System/Library/Frameworks/SystemConfiguration.framework; sourceTree = SDKROOT; };
		E51001DC1B13FC4600ADCDDE /* Reachability.h */ = {isa = PBXFileReference; fileEncoding = 4; lastKnownFileType = sourcecode.c.h; path = Reachability.h; sourceTree = "<group>"; };
		E51001DD1B13FC4600ADCDDE /* Reachability.m */ = {isa = PBXFileReference; fileEncoding = 4; lastKnownFileType = sourcecode.c.objc; path = Reachability.m; sourceTree = "<group>"; };
		E5162AEE1B13E25F00DAB45D /* refresh.png */ = {isa = PBXFileReference; lastKnownFileType = image.png; path = refresh.png; sourceTree = SOURCE_ROOT; };
		E519B2191B121B3A00C5AA7B /* title.png */ = {isa = PBXFileReference; lastKnownFileType = image.png; path = title.png; sourceTree = SOURCE_ROOT; };
		E55CBFA71B128DB300F0B6D1 /* TitleImage.png */ = {isa = PBXFileReference; lastKnownFileType = image.png; path = TitleImage.png; sourceTree = SOURCE_ROOT; };
		E5C197B91B12DD1100000BA0 /* ToastView.h */ = {isa = PBXFileReference; fileEncoding = 4; lastKnownFileType = sourcecode.c.h; path = ToastView.h; sourceTree = "<group>"; };
		E5C197BA1B12DD1100000BA0 /* ToastView.m */ = {isa = PBXFileReference; fileEncoding = 4; lastKnownFileType = sourcecode.c.objc; path = ToastView.m; sourceTree = "<group>"; };
		E5CBBF791B0ED4A60031774F /* ButtonBg.png */ = {isa = PBXFileReference; lastKnownFileType = image.png; path = ButtonBg.png; sourceTree = "<group>"; };
		E5EE919A1AFFC0C400DCD4A5 /* Paste Dump.app */ = {isa = PBXFileReference; explicitFileType = wrapper.application; includeInIndex = 0; path = "Paste Dump.app"; sourceTree = BUILT_PRODUCTS_DIR; };
		E5EE919E1AFFC0C400DCD4A5 /* Info.plist */ = {isa = PBXFileReference; lastKnownFileType = text.plist.xml; path = Info.plist; sourceTree = "<group>"; };
		E5EE919F1AFFC0C400DCD4A5 /* main.m */ = {isa = PBXFileReference; lastKnownFileType = sourcecode.c.objc; path = main.m; sourceTree = "<group>"; };
		E5EE91A11AFFC0C400DCD4A5 /* AppDelegate.h */ = {isa = PBXFileReference; lastKnownFileType = sourcecode.c.h; path = AppDelegate.h; sourceTree = "<group>"; };
		E5EE91A21AFFC0C400DCD4A5 /* AppDelegate.m */ = {isa = PBXFileReference; lastKnownFileType = sourcecode.c.objc; path = AppDelegate.m; sourceTree = "<group>"; };
		E5EE91A41AFFC0C400DCD4A5 /* ViewController.h */ = {isa = PBXFileReference; lastKnownFileType = sourcecode.c.h; path = ViewController.h; sourceTree = "<group>"; };
		E5EE91A51AFFC0C400DCD4A5 /* ViewController.m */ = {isa = PBXFileReference; lastKnownFileType = sourcecode.c.objc; path = ViewController.m; sourceTree = "<group>"; };
		E5EE91A81AFFC0C500DCD4A5 /* Base */ = {isa = PBXFileReference; lastKnownFileType = file.storyboard; name = Base; path = Base.lproj/Main.storyboard; sourceTree = "<group>"; };
		E5EE91AA1AFFC0C500DCD4A5 /* Images.xcassets */ = {isa = PBXFileReference; lastKnownFileType = folder.assetcatalog; path = Images.xcassets; sourceTree = "<group>"; };
		E5EE91AD1AFFC0C500DCD4A5 /* Base */ = {isa = PBXFileReference; lastKnownFileType = file.xib; name = Base; path = Base.lproj/LaunchScreen.xib; sourceTree = "<group>"; };
		E5EE91B31AFFC0C500DCD4A5 /* Paste DumpTests.xctest */ = {isa = PBXFileReference; explicitFileType = wrapper.cfbundle; includeInIndex = 0; path = "Paste DumpTests.xctest"; sourceTree = BUILT_PRODUCTS_DIR; };
		E5EE91B81AFFC0C500DCD4A5 /* Info.plist */ = {isa = PBXFileReference; lastKnownFileType = text.plist.xml; path = Info.plist; sourceTree = "<group>"; };
		E5EE91B91AFFC0C500DCD4A5 /* Paste_DumpTests.m */ = {isa = PBXFileReference; lastKnownFileType = sourcecode.c.objc; path = Paste_DumpTests.m; sourceTree = "<group>"; };
		E5EE91C31AFFC46500DCD4A5 /* FBSDKCoreKit.framework */ = {isa = PBXFileReference; lastKnownFileType = wrapper.framework; name = FBSDKCoreKit.framework; path = ../../FacebookSDK/FBSDKCoreKit.framework; sourceTree = "<group>"; };
		E5EE91C51AFFC4A900DCD4A5 /* Bolts.framework */ = {isa = PBXFileReference; lastKnownFileType = wrapper.framework; name = Bolts.framework; path = ../../FacebookSDK/Bolts.framework; sourceTree = "<group>"; };
		E5EE91C61AFFC4A900DCD4A5 /* FBAudienceNetwork.framework */ = {isa = PBXFileReference; lastKnownFileType = wrapper.framework; name = FBAudienceNetwork.framework; path = ../../FacebookSDK/FBAudienceNetwork.framework; sourceTree = "<group>"; };
		E5EE91C71AFFC4A900DCD4A5 /* FBSDKLoginKit.framework */ = {isa = PBXFileReference; lastKnownFileType = wrapper.framework; name = FBSDKLoginKit.framework; path = ../../FacebookSDK/FBSDKLoginKit.framework; sourceTree = "<group>"; };
		E5EE91C81AFFC4A900DCD4A5 /* FBSDKMessengerShareKit.framework */ = {isa = PBXFileReference; lastKnownFileType = wrapper.framework; name = FBSDKMessengerShareKit.framework; path = ../../FacebookSDK/FBSDKMessengerShareKit.framework; sourceTree = "<group>"; };
		E5EE91C91AFFC4A900DCD4A5 /* FBSDKShareKit.framework */ = {isa = PBXFileReference; lastKnownFileType = wrapper.framework; name = FBSDKShareKit.framework; path = ../../FacebookSDK/FBSDKShareKit.framework; sourceTree = "<group>"; };
		E5F9447B1B13F5A3008207C7 /* Launch.storyboard */ = {isa = PBXFileReference; fileEncoding = 4; lastKnownFileType = file.storyboard; path = Launch.storyboard; sourceTree = "<group>"; };
/* End PBXFileReference section */

/* Begin PBXFrameworksBuildPhase section */
		E5EE91971AFFC0C400DCD4A5 /* Frameworks */ = {
			isa = PBXFrameworksBuildPhase;
			buildActionMask = 2147483647;
			files = (
				E51001D81B13F9EE00ADCDDE /* SystemConfiguration.framework in Frameworks */,
				E5EE91CA1AFFC4A900DCD4A5 /* Bolts.framework in Frameworks */,
				E5EE91CB1AFFC4A900DCD4A5 /* FBAudienceNetwork.framework in Frameworks */,
				E5EE91CC1AFFC4A900DCD4A5 /* FBSDKLoginKit.framework in Frameworks */,
				E5EE91CD1AFFC4A900DCD4A5 /* FBSDKMessengerShareKit.framework in Frameworks */,
				E5EE91CE1AFFC4A900DCD4A5 /* FBSDKShareKit.framework in Frameworks */,
				E5EE91C41AFFC46500DCD4A5 /* FBSDKCoreKit.framework in Frameworks */,
			);
			runOnlyForDeploymentPostprocessing = 0;
		};
		E5EE91B01AFFC0C500DCD4A5 /* Frameworks */ = {
			isa = PBXFrameworksBuildPhase;
			buildActionMask = 2147483647;
			files = (
			);
			runOnlyForDeploymentPostprocessing = 0;
		};
/* End PBXFrameworksBuildPhase section */

/* Begin PBXGroup section */
		E5EE91911AFFC0C400DCD4A5 = {
			isa = PBXGroup;
			children = (
				E51001D71B13F9EE00ADCDDE /* SystemConfiguration.framework */,
				E5CBBF791B0ED4A60031774F /* ButtonBg.png */,
				E519B2191B121B3A00C5AA7B /* title.png */,
				E55CBFA71B128DB300F0B6D1 /* TitleImage.png */,
				E50E24921B1129F000A0EAF8 /* ButtonBgFb.png */,
				E5162AEE1B13E25F00DAB45D /* refresh.png */,
				E5EE91C51AFFC4A900DCD4A5 /* Bolts.framework */,
				E5EE91C61AFFC4A900DCD4A5 /* FBAudienceNetwork.framework */,
				E5EE91C71AFFC4A900DCD4A5 /* FBSDKLoginKit.framework */,
				E5EE91C81AFFC4A900DCD4A5 /* FBSDKMessengerShareKit.framework */,
				E5EE91C91AFFC4A900DCD4A5 /* FBSDKShareKit.framework */,
				E5EE91C31AFFC46500DCD4A5 /* FBSDKCoreKit.framework */,
				E5EE919C1AFFC0C400DCD4A5 /* Paste Dump */,
				E5EE91B61AFFC0C500DCD4A5 /* Paste DumpTests */,
				E5EE919B1AFFC0C400DCD4A5 /* Products */,
				E50972F41B13541200F2D895 /* Paste Dump-Bridging-Header.h */,
			);
			sourceTree = "<group>";
		};
		E5EE919B1AFFC0C400DCD4A5 /* Products */ = {
			isa = PBXGroup;
			children = (
				E5EE919A1AFFC0C400DCD4A5 /* Paste Dump.app */,
				E5EE91B31AFFC0C500DCD4A5 /* Paste DumpTests.xctest */,
			);
			name = Products;
			sourceTree = "<group>";
		};
		E5EE919C1AFFC0C400DCD4A5 /* Paste Dump */ = {
			isa = PBXGroup;
			children = (
				E5EE91A11AFFC0C400DCD4A5 /* AppDelegate.h */,
				E5EE91A21AFFC0C400DCD4A5 /* AppDelegate.m */,
				E51001DC1B13FC4600ADCDDE /* Reachability.h */,
				E51001DD1B13FC4600ADCDDE /* Reachability.m */,
				E5C197B91B12DD1100000BA0 /* ToastView.h */,
				E5C197BA1B12DD1100000BA0 /* ToastView.m */,
				E5EE91A41AFFC0C400DCD4A5 /* ViewController.h */,
				E5EE91A51AFFC0C400DCD4A5 /* ViewController.m */,
				E5EE91AA1AFFC0C500DCD4A5 /* Images.xcassets */,
				E5EE91A71AFFC0C500DCD4A5 /* Main.storyboard */,
				E5F9447B1B13F5A3008207C7 /* Launch.storyboard */,
				E5EE91AC1AFFC0C500DCD4A5 /* LaunchScreen.xib */,
				E5EE919D1AFFC0C400DCD4A5 /* Supporting Files */,
			);
			path = "Paste Dump";
			sourceTree = "<group>";
		};
		E5EE919D1AFFC0C400DCD4A5 /* Supporting Files */ = {
			isa = PBXGroup;
			children = (
				E5EE919E1AFFC0C400DCD4A5 /* Info.plist */,
				E5EE919F1AFFC0C400DCD4A5 /* main.m */,
			);
			name = "Supporting Files";
			sourceTree = "<group>";
		};
		E5EE91B61AFFC0C500DCD4A5 /* Paste DumpTests */ = {
			isa = PBXGroup;
			children = (
				E5EE91B91AFFC0C500DCD4A5 /* Paste_DumpTests.m */,
				E5EE91B71AFFC0C500DCD4A5 /* Supporting Files */,
			);
			path = "Paste DumpTests";
			sourceTree = "<group>";
		};
		E5EE91B71AFFC0C500DCD4A5 /* Supporting Files */ = {
			isa = PBXGroup;
			children = (
				E5EE91B81AFFC0C500DCD4A5 /* Info.plist */,
			);
			name = "Supporting Files";
			sourceTree = "<group>";
		};
/* End PBXGroup section */

/* Begin PBXNativeTarget section */
		E5EE91991AFFC0C400DCD4A5 /* Paste Dump */ = {
			isa = PBXNativeTarget;
			buildConfigurationList = E5EE91BD1AFFC0C500DCD4A5 /* Build configuration list for PBXNativeTarget "Paste Dump" */;
			buildPhases = (
				E5EE91961AFFC0C400DCD4A5 /* Sources */,
				E5EE91971AFFC0C400DCD4A5 /* Frameworks */,
				E5EE91981AFFC0C400DCD4A5 /* Resources */,
			);
			buildRules = (
			);
			dependencies = (
			);
			name = "Paste Dump";
			productName = "Paste Dump";
			productReference = E5EE919A1AFFC0C400DCD4A5 /* Paste Dump.app */;
			productType = "com.apple.product-type.application";
		};
		E5EE91B21AFFC0C500DCD4A5 /* Paste DumpTests */ = {
			isa = PBXNativeTarget;
			buildConfigurationList = E5EE91C01AFFC0C500DCD4A5 /* Build configuration list for PBXNativeTarget "Paste DumpTests" */;
			buildPhases = (
				E5EE91AF1AFFC0C500DCD4A5 /* Sources */,
				E5EE91B01AFFC0C500DCD4A5 /* Frameworks */,
				E5EE91B11AFFC0C500DCD4A5 /* Resources */,
			);
			buildRules = (
			);
			dependencies = (
				E5EE91B51AFFC0C500DCD4A5 /* PBXTargetDependency */,
			);
			name = "Paste DumpTests";
			productName = "Paste DumpTests";
			productReference = E5EE91B31AFFC0C500DCD4A5 /* Paste DumpTests.xctest */;
			productType = "com.apple.product-type.bundle.unit-test";
		};
/* End PBXNativeTarget section */

/* Begin PBXProject section */
		E5EE91921AFFC0C400DCD4A5 /* Project object */ = {
			isa = PBXProject;
			attributes = {
				LastUpgradeCheck = 0630;
				ORGANIZATIONNAME = VishalKuo;
				TargetAttributes = {
					E5EE91991AFFC0C400DCD4A5 = {
						CreatedOnToolsVersion = 6.3.1;
						DevelopmentTeam = XS8JG7ZC77;
					};
					E5EE91B21AFFC0C500DCD4A5 = {
						CreatedOnToolsVersion = 6.3.1;
						TestTargetID = E5EE91991AFFC0C400DCD4A5;
					};
				};
			};
			buildConfigurationList = E5EE91951AFFC0C400DCD4A5 /* Build configuration list for PBXProject "Paste Dump" */;
			compatibilityVersion = "Xcode 3.2";
			developmentRegion = English;
			hasScannedForEncodings = 0;
			knownRegions = (
				en,
				Base,
			);
			mainGroup = E5EE91911AFFC0C400DCD4A5;
			productRefGroup = E5EE919B1AFFC0C400DCD4A5 /* Products */;
			projectDirPath = "";
			projectRoot = "";
			targets = (
				E5EE91991AFFC0C400DCD4A5 /* Paste Dump */,
				E5EE91B21AFFC0C500DCD4A5 /* Paste DumpTests */,
			);
		};
/* End PBXProject section */

/* Begin PBXResourcesBuildPhase section */
		E5EE91981AFFC0C400DCD4A5 /* Resources */ = {
			isa = PBXResourcesBuildPhase;
			buildActionMask = 2147483647;
			files = (
				E5CBBF7A1B0ED4A60031774F /* ButtonBg.png in Resources */,
				E519B21A1B121B3A00C5AA7B /* title.png in Resources */,
				E5F9447C1B13F5A3008207C7 /* Launch.storyboard in Resources */,
				E50E24931B1129F000A0EAF8 /* ButtonBgFb.png in Resources */,
				E5EE91A91AFFC0C500DCD4A5 /* Main.storyboard in Resources */,
				E5EE91AE1AFFC0C500DCD4A5 /* LaunchScreen.xib in Resources */,
				E5162AEF1B13E25F00DAB45D /* refresh.png in Resources */,
				E55CBFA81B128DB300F0B6D1 /* TitleImage.png in Resources */,
				E5EE91AB1AFFC0C500DCD4A5 /* Images.xcassets in Resources */,
			);
			runOnlyForDeploymentPostprocessing = 0;
		};
		E5EE91B11AFFC0C500DCD4A5 /* Resources */ = {
			isa = PBXResourcesBuildPhase;
			buildActionMask = 2147483647;
			files = (
			);
			runOnlyForDeploymentPostprocessing = 0;
		};
/* End PBXResourcesBuildPhase section */

/* Begin PBXSourcesBuildPhase section */
		E5EE91961AFFC0C400DCD4A5 /* Sources */ = {
			isa = PBXSourcesBuildPhase;
			buildActionMask = 2147483647;
			files = (
				E5C197BB1B12DD1100000BA0 /* ToastView.m in Sources */,
				E5EE91A61AFFC0C400DCD4A5 /* ViewController.m in Sources */,
				E5EE91A31AFFC0C400DCD4A5 /* AppDelegate.m in Sources */,
				E5EE91A01AFFC0C400DCD4A5 /* main.m in Sources */,
				E51001DE1B13FC4600ADCDDE /* Reachability.m in Sources */,
			);
			runOnlyForDeploymentPostprocessing = 0;
		};
		E5EE91AF1AFFC0C500DCD4A5 /* Sources */ = {
			isa = PBXSourcesBuildPhase;
			buildActionMask = 2147483647;
			files = (
				E5EE91BA1AFFC0C500DCD4A5 /* Paste_DumpTests.m in Sources */,
			);
			runOnlyForDeploymentPostprocessing = 0;
		};
/* End PBXSourcesBuildPhase section */

/* Begin PBXTargetDependency section */
		E5EE91B51AFFC0C500DCD4A5 /* PBXTargetDependency */ = {
			isa = PBXTargetDependency;
			target = E5EE91991AFFC0C400DCD4A5 /* Paste Dump */;
			targetProxy = E5EE91B41AFFC0C500DCD4A5 /* PBXContainerItemProxy */;
		};
/* End PBXTargetDependency section */

/* Begin PBXVariantGroup section */
		E5EE91A71AFFC0C500DCD4A5 /* Main.storyboard */ = {
			isa = PBXVariantGroup;
			children = (
				E5EE91A81AFFC0C500DCD4A5 /* Base */,
			);
			name = Main.storyboard;
			sourceTree = "<group>";
		};
		E5EE91AC1AFFC0C500DCD4A5 /* LaunchScreen.xib */ = {
			isa = PBXVariantGroup;
			children = (
				E5EE91AD1AFFC0C500DCD4A5 /* Base */,
			);
			name = LaunchScreen.xib;
			sourceTree = "<group>";
		};
/* End PBXVariantGroup section */

/* Begin XCBuildConfiguration section */
		E5EE91BB1AFFC0C500DCD4A5 /* Debug */ = {
			isa = XCBuildConfiguration;
			buildSettings = {
				ALWAYS_SEARCH_USER_PATHS = NO;
				CLANG_CXX_LANGUAGE_STANDARD = "gnu++0x";
				CLANG_CXX_LIBRARY = "libc++";
				CLANG_ENABLE_MODULES = YES;
				CLANG_ENABLE_OBJC_ARC = YES;
				CLANG_WARN_BOOL_CONVERSION = YES;
				CLANG_WARN_CONSTANT_CONVERSION = YES;
				CLANG_WARN_DIRECT_OBJC_ISA_USAGE = YES_ERROR;
				CLANG_WARN_EMPTY_BODY = YES;
				CLANG_WARN_ENUM_CONVERSION = YES;
				CLANG_WARN_INT_CONVERSION = YES;
				CLANG_WARN_OBJC_ROOT_CLASS = YES_ERROR;
				CLANG_WARN_UNREACHABLE_CODE = YES;
				CLANG_WARN__DUPLICATE_METHOD_MATCH = YES;
				"CODE_SIGN_IDENTITY[sdk=iphoneos*]" = "iPhone Developer";
				COPY_PHASE_STRIP = NO;
				DEBUG_INFORMATION_FORMAT = "dwarf-with-dsym";
				ENABLE_STRICT_OBJC_MSGSEND = YES;
				GCC_C_LANGUAGE_STANDARD = gnu99;
				GCC_DYNAMIC_NO_PIC = NO;
				GCC_NO_COMMON_BLOCKS = YES;
				GCC_OPTIMIZATION_LEVEL = 0;
				GCC_PREPROCESSOR_DEFINITIONS = (
					"DEBUG=1",
					"$(inherited)",
				);
				GCC_SYMBOLS_PRIVATE_EXTERN = NO;
				GCC_WARN_64_TO_32_BIT_CONVERSION = YES;
				GCC_WARN_ABOUT_RETURN_TYPE = YES_ERROR;
				GCC_WARN_UNDECLARED_SELECTOR = YES;
				GCC_WARN_UNINITIALIZED_AUTOS = YES_AGGRESSIVE;
				GCC_WARN_UNUSED_FUNCTION = YES;
				GCC_WARN_UNUSED_VARIABLE = YES;
				IPHONEOS_DEPLOYMENT_TARGET = 8.3;
				MTL_ENABLE_DEBUG_INFO = YES;
				ONLY_ACTIVE_ARCH = YES;
				SDKROOT = iphoneos;
			};
			name = Debug;
		};
		E5EE91BC1AFFC0C500DCD4A5 /* Release */ = {
			isa = XCBuildConfiguration;
			buildSettings = {
				ALWAYS_SEARCH_USER_PATHS = NO;
				CLANG_CXX_LANGUAGE_STANDARD = "gnu++0x";
				CLANG_CXX_LIBRARY = "libc++";
				CLANG_ENABLE_MODULES = YES;
				CLANG_ENABLE_OBJC_ARC = YES;
				CLANG_WARN_BOOL_CONVERSION = YES;
				CLANG_WARN_CONSTANT_CONVERSION = YES;
				CLANG_WARN_DIRECT_OBJC_ISA_USAGE = YES_ERROR;
				CLANG_WARN_EMPTY_BODY = YES;
				CLANG_WARN_ENUM_CONVERSION = YES;
				CLANG_WARN_INT_CONVERSION = YES;
				CLANG_WARN_OBJC_ROOT_CLASS = YES_ERROR;
				CLANG_WARN_UNREACHABLE_CODE = YES;
				CLANG_WARN__DUPLICATE_METHOD_MATCH = YES;
				"CODE_SIGN_IDENTITY[sdk=iphoneos*]" = "iPhone Developer";
				COPY_PHASE_STRIP = NO;
				DEBUG_INFORMATION_FORMAT = "dwarf-with-dsym";
				ENABLE_NS_ASSERTIONS = NO;
				ENABLE_STRICT_OBJC_MSGSEND = YES;
				GCC_C_LANGUAGE_STANDARD = gnu99;
				GCC_NO_COMMON_BLOCKS = YES;
				GCC_WARN_64_TO_32_BIT_CONVERSION = YES;
				GCC_WARN_ABOUT_RETURN_TYPE = YES_ERROR;
				GCC_WARN_UNDECLARED_SELECTOR = YES;
				GCC_WARN_UNINITIALIZED_AUTOS = YES_AGGRESSIVE;
				GCC_WARN_UNUSED_FUNCTION = YES;
				GCC_WARN_UNUSED_VARIABLE = YES;
				IPHONEOS_DEPLOYMENT_TARGET = 8.3;
				MTL_ENABLE_DEBUG_INFO = NO;
				SDKROOT = iphoneos;
				VALIDATE_PRODUCT = YES;
			};
			name = Release;
		};
		E5EE91BE1AFFC0C500DCD4A5 /* Debug */ = {
			isa = XCBuildConfiguration;
			buildSettings = {
				ASSETCATALOG_COMPILER_APPICON_NAME = AppIcon;
				CLANG_ENABLE_MODULES = YES;
				CODE_SIGN_IDENTITY = "iPhone Developer";
				"CODE_SIGN_IDENTITY[sdk=iphoneos*]" = "iPhone Developer";
				DEFINES_MODULE = YES;
				EMBEDDED_CONTENT_CONTAINS_SWIFT = YES;
				FRAMEWORK_SEARCH_PATHS = (
					"$(inherited)",
					/Users/vishalkuo/Documents/FacebookSDK,
				);
				INFOPLIST_FILE = "Paste Dump/Info.plist";
				LD_RUNPATH_SEARCH_PATHS = "$(inherited) @executable_path/Frameworks";
				PRODUCT_NAME = "$(TARGET_NAME)";
				PROVISIONING_PROFILE = "";
				SWIFT_OBJC_BRIDGING_HEADER = "Paste Dump-Bridging-Header.h";
				SWIFT_OPTIMIZATION_LEVEL = "-Onone";
			};
			name = Debug;
		};
		E5EE91BF1AFFC0C500DCD4A5 /* Release */ = {
			isa = XCBuildConfiguration;
			buildSettings = {
				ASSETCATALOG_COMPILER_APPICON_NAME = AppIcon;
				CLANG_ENABLE_MODULES = YES;
				CODE_SIGN_IDENTITY = "iPhone Developer";
				"CODE_SIGN_IDENTITY[sdk=iphoneos*]" = "iPhone Developer";
				DEFINES_MODULE = YES;
				EMBEDDED_CONTENT_CONTAINS_SWIFT = YES;
				FRAMEWORK_SEARCH_PATHS = (
					"$(inherited)",
					/Users/vishalkuo/Documents/FacebookSDK,
				);
				INFOPLIST_FILE = "Paste Dump/Info.plist";
				LD_RUNPATH_SEARCH_PATHS = "$(inherited) @executable_path/Frameworks";
				PRODUCT_NAME = "$(TARGET_NAME)";
				PROVISIONING_PROFILE = "";
				SWIFT_OBJC_BRIDGING_HEADER = "Paste Dump-Bridging-Header.h";
			};
			name = Release;
		};
		E5EE91C11AFFC0C500DCD4A5 /* Debug */ = {
			isa = XCBuildConfiguration;
			buildSettings = {
				BUNDLE_LOADER = "$(TEST_HOST)";
				FRAMEWORK_SEARCH_PATHS = (
					"$(SDKROOT)/Developer/Library/Frameworks",
					"$(inherited)",
				);
				GCC_PREPROCESSOR_DEFINITIONS = (
					"DEBUG=1",
					"$(inherited)",
				);
				INFOPLIST_FILE = "Paste DumpTests/Info.plist";
				LD_RUNPATH_SEARCH_PATHS = "$(inherited) @executable_path/Frameworks @loader_path/Frameworks";
				PRODUCT_NAME = "$(TARGET_NAME)";
				TEST_HOST = "$(BUILT_PRODUCTS_DIR)/Paste Dump.app/Paste Dump";
			};
			name = Debug;
		};
		E5EE91C21AFFC0C500DCD4A5 /* Release */ = {
			isa = XCBuildConfiguration;
			buildSettings = {
				BUNDLE_LOADER = "$(TEST_HOST)";
				FRAMEWORK_SEARCH_PATHS = (
					"$(SDKROOT)/Developer/Library/Frameworks",
					"$(inherited)",
				);
				INFOPLIST_FILE = "Paste DumpTests/Info.plist";
				LD_RUNPATH_SEARCH_PATHS = "$(inherited) @executable_path/Frameworks @loader_path/Frameworks";
				PRODUCT_NAME = "$(TARGET_NAME)";
				TEST_HOST = "$(BUILT_PRODUCTS_DIR)/Paste Dump.app/Paste Dump";
			};
			name = Release;
		};
/* End XCBuildConfiguration section */

/* Begin XCConfigurationList section */
		E5EE91951AFFC0C400DCD4A5 /* Build configuration list for PBXProject "Paste Dump" */ = {
			isa = XCConfigurationList;
			buildConfigurations = (
				E5EE91BB1AFFC0C500DCD4A5 /* Debug */,
				E5EE91BC1AFFC0C500DCD4A5 /* Release */,
			);
			defaultConfigurationIsVisible = 0;
			defaultConfigurationName = Release;
		};
		E5EE91BD1AFFC0C500DCD4A5 /* Build configuration list for PBXNativeTarget "Paste Dump" */ = {
			isa = XCConfigurationList;
			buildConfigurations = (
				E5EE91BE1AFFC0C500DCD4A5 /* Debug */,
				E5EE91BF1AFFC0C500DCD4A5 /* Release */,
			);
			defaultConfigurationIsVisible = 0;
			defaultConfigurationName = Release;
		};
		E5EE91C01AFFC0C500DCD4A5 /* Build configuration list for PBXNativeTarget "Paste DumpTests" */ = {
			isa = XCConfigurationList;
			buildConfigurations = (
				E5EE91C11AFFC0C500DCD4A5 /* Debug */,
				E5EE91C21AFFC0C500DCD4A5 /* Release */,
			);
			defaultConfigurationIsVisible = 0;
			defaultConfigurationName = Release;
		};
/* End XCConfigurationList section */
	};
	rootObject = E5EE91921AFFC0C400DCD4A5 /* Project object */;
}
